
Microsoft Visual Studio Solution File, Format Version 12.00
# Visual Studio Version 17
VisualStudioVersion = 17.11.35327.3
MinimumVisualStudioVersion = 10.0.40219.1
Project("{FAE04EC0-301F-11D3-BF4B-00C04F79EFBC}") = "Web", "Web\Web.csproj", "{AE9FBE7B-E5B7-4F25-BA1E-7282B9A6E1B9}"
EndProject
Project("{FAE04EC0-301F-11D3-BF4B-00C04F79EFBC}") = "Application", "Application\Application.csproj", "{52661426-1E16-4675-ACFC-8E582E5783A6}"
EndProject
Project("{FAE04EC0-301F-11D3-BF4B-00C04F79EFBC}") = "Domain", "Domain\Domain.csproj", "{91772FF1-299A-49A2-ADC0-23F4971A5A7A}"
EndProject
Project("{FAE04EC0-301F-11D3-BF4B-00C04F79EFBC}") = "Infrastructure", "Infrastructure\Infrastructure.csproj", "{2E7FB0F2-99F5-40E8-8DD2-5D7DFE2EFBE3}"
EndProject
Global
	GlobalSection(SolutionConfigurationPlatforms) = preSolution
		Debug|Any CPU = Debug|Any CPU
		Release|Any CPU = Release|Any CPU
	EndGlobalSection
	GlobalSection(ProjectConfigurationPlatforms) = postSolution
		{AE9FBE7B-E5B7-4F25-BA1E-7282B9A6E1B9}.Debug|Any CPU.ActiveCfg = Debug|Any CPU
		{AE9FBE7B-E5B7-4F25-BA1E-7282B9A6E1B9}.Debug|Any CPU.Build.0 = Debug|Any CPU
		{AE9FBE7B-E5B7-4F25-BA1E-7282B9A6E1B9}.Release|Any CPU.ActiveCfg = Release|Any CPU
		{AE9FBE7B-E5B7-4F25-BA1E-7282B9A6E1B9}.Release|Any CPU.Build.0 = Release|Any CPU
		{52661426-1E16-4675-ACFC-8E582E5783A6}.Debug|Any CPU.ActiveCfg = Debug|Any CPU
		{52661426-1E16-4675-ACFC-8E582E5783A6}.Debug|Any CPU.Build.0 = Debug|Any CPU
		{52661426-1E16-4675-ACFC-8E582E5783A6}.Release|Any CPU.ActiveCfg = Release|Any CPU
		{52661426-1E16-4675-ACFC-8E582E5783A6}.Release|Any CPU.Build.0 = Release|Any CPU
		{91772FF1-299A-49A2-ADC0-23F4971A5A7A}.Debug|Any CPU.ActiveCfg = Debug|Any CPU
		{91772FF1-299A-49A2-ADC0-23F4971A5A7A}.Debug|Any CPU.Build.0 = Debug|Any CPU
		{91772FF1-299A-49A2-ADC0-23F4971A5A7A}.Release|Any CPU.ActiveCfg = Release|Any CPU
		{91772FF1-299A-49A2-ADC0-23F4971A5A7A}.Release|Any CPU.Build.0 = Release|Any CPU
		{2E7FB0F2-99F5-40E8-8DD2-5D7DFE2EFBE3}.Debug|Any CPU.ActiveCfg = Debug|Any CPU
		{2E7FB0F2-99F5-40E8-8DD2-5D7DFE2EFBE3}.Debug|Any CPU.Build.0 = Debug|Any CPU
		{2E7FB0F2-99F5-40E8-8DD2-5D7DFE2EFBE3}.Release|Any CPU.ActiveCfg = Release|Any CPU
		{2E7FB0F2-99F5-40E8-8DD2-5D7DFE2EFBE3}.Release|Any CPU.Build.0 = Release|Any CPU
	EndGlobalSection
	GlobalSection(SolutionProperties) = preSolution
		HideSolutionNode = FALSE
	EndGlobalSection
	GlobalSection(ExtensibilityGlobals) = postSolution
		SolutionGuid = {C712F471-DA23-472E-9736-368C9CA0A38F}
	EndGlobalSection
EndGlobal
