
Microsoft Visual Studio Solution File, Format Version 12.00
# Visual Studio Version 17
VisualStudioVersion = 17.11.35312.102
MinimumVisualStudioVersion = 10.0.40219.1
Project("{FAE04EC0-301F-11D3-BF4B-00C04F79EFBC}") = "Web", "Web\Web.csproj", "{04C1028C-3669-4D15-956C-596447E28F1B}"
EndProject
Project("{FAE04EC0-301F-11D3-BF4B-00C04F79EFBC}") = "Application", "Application\Application.csproj", "{E02A358B-36DC-4C7A-905B-B737C09E5635}"
EndProject
Project("{FAE04EC0-301F-11D3-BF4B-00C04F79EFBC}") = "Domain", "Domain\Domain.csproj", "{4128263F-4AC9-4A0D-BD36-29D83C206784}"
EndProject
Project("{FAE04EC0-301F-11D3-BF4B-00C04F79EFBC}") = "Infrastructure", "Infrastructure\Infrastructure.csproj", "{B639DFF5-20C2-438A-8418-9714F7F157D5}"
EndProject
Global
	GlobalSection(SolutionConfigurationPlatforms) = preSolution
		Debug|Any CPU = Debug|Any CPU
		Release|Any CPU = Release|Any CPU
	EndGlobalSection
	GlobalSection(ProjectConfigurationPlatforms) = postSolution
		{04C1028C-3669-4D15-956C-596447E28F1B}.Debug|Any CPU.ActiveCfg = Debug|Any CPU
		{04C1028C-3669-4D15-956C-596447E28F1B}.Debug|Any CPU.Build.0 = Debug|Any CPU
		{04C1028C-3669-4D15-956C-596447E28F1B}.Release|Any CPU.ActiveCfg = Release|Any CPU
		{04C1028C-3669-4D15-956C-596447E28F1B}.Release|Any CPU.Build.0 = Release|Any CPU
		{E02A358B-36DC-4C7A-905B-B737C09E5635}.Debug|Any CPU.ActiveCfg = Debug|Any CPU
		{E02A358B-36DC-4C7A-905B-B737C09E5635}.Debug|Any CPU.Build.0 = Debug|Any CPU
		{E02A358B-36DC-4C7A-905B-B737C09E5635}.Release|Any CPU.ActiveCfg = Release|Any CPU
		{E02A358B-36DC-4C7A-905B-B737C09E5635}.Release|Any CPU.Build.0 = Release|Any CPU
		{4128263F-4AC9-4A0D-BD36-29D83C206784}.Debug|Any CPU.ActiveCfg = Debug|Any CPU
		{4128263F-4AC9-4A0D-BD36-29D83C206784}.Debug|Any CPU.Build.0 = Debug|Any CPU
		{4128263F-4AC9-4A0D-BD36-29D83C206784}.Release|Any CPU.ActiveCfg = Release|Any CPU
		{4128263F-4AC9-4A0D-BD36-29D83C206784}.Release|Any CPU.Build.0 = Release|Any CPU
		{B639DFF5-20C2-438A-8418-9714F7F157D5}.Debug|Any CPU.ActiveCfg = Debug|Any CPU
		{B639DFF5-20C2-438A-8418-9714F7F157D5}.Debug|Any CPU.Build.0 = Debug|Any CPU
		{B639DFF5-20C2-438A-8418-9714F7F157D5}.Release|Any CPU.ActiveCfg = Release|Any CPU
		{B639DFF5-20C2-438A-8418-9714F7F157D5}.Release|Any CPU.Build.0 = Release|Any CPU
	EndGlobalSection
	GlobalSection(SolutionProperties) = preSolution
		HideSolutionNode = FALSE
	EndGlobalSection
	GlobalSection(ExtensibilityGlobals) = postSolution
		SolutionGuid = {16637C65-7A71-472B-9299-60D070EE2AA8}
	EndGlobalSection
EndGlobal
